
Microsoft Visual Studio Solution File, Format Version 12.00
# Visual Studio Version 17
VisualStudioVersion = 17.8.34330.188
MinimumVisualStudioVersion = 10.0.40219.1
Project("{FAE04EC0-301F-11D3-BF4B-00C04F79EFBC}") = "JSPaste.Net", "JSPaste\JSPaste.Net.csproj", "{880DE221-1391-4A6F-A33A-8808EB6AAE7C}"
EndProject
Project("{FAE04EC0-301F-11D3-BF4B-00C04F79EFBC}") = "JSPaste-Tests", "JSPaste-Tests\JSPaste-Tests.csproj", "{CD75F791-C3AF-4A2A-B049-B8CA2C8D7F24}"
EndProject
Global
	GlobalSection(SolutionConfigurationPlatforms) = preSolution
		Debug|Any CPU = Debug|Any CPU
		Release|Any CPU = Release|Any CPU
	EndGlobalSection
	GlobalSection(ProjectConfigurationPlatforms) = postSolution
		{880DE221-1391-4A6F-A33A-8808EB6AAE7C}.Debug|Any CPU.ActiveCfg = Debug|Any CPU
		{880DE221-1391-4A6F-A33A-8808EB6AAE7C}.Debug|Any CPU.Build.0 = Debug|Any CPU
		{880DE221-1391-4A6F-A33A-8808EB6AAE7C}.Release|Any CPU.ActiveCfg = Release|Any CPU
		{880DE221-1391-4A6F-A33A-8808EB6AAE7C}.Release|Any CPU.Build.0 = Release|Any CPU
		{CD75F791-C3AF-4A2A-B049-B8CA2C8D7F24}.Debug|Any CPU.ActiveCfg = Debug|Any CPU
		{CD75F791-C3AF-4A2A-B049-B8CA2C8D7F24}.Debug|Any CPU.Build.0 = Debug|Any CPU
		{CD75F791-C3AF-4A2A-B049-B8CA2C8D7F24}.Release|Any CPU.ActiveCfg = Release|Any CPU
		{CD75F791-C3AF-4A2A-B049-B8CA2C8D7F24}.Release|Any CPU.Build.0 = Release|Any CPU
	EndGlobalSection
	GlobalSection(SolutionProperties) = preSolution
		HideSolutionNode = FALSE
	EndGlobalSection
	GlobalSection(ExtensibilityGlobals) = postSolution
		SolutionGuid = {D195A136-9217-41B3-A89B-ED5F84A8AC52}
	EndGlobalSection
EndGlobal
